version = 1
revision = 5
requires-python = ">=3.12"

[[package]]
name = "git-cliff"
version = "2.14.2"
source = { registry = "https://pypi.org/simple" }
sdist = { url = "https://files.pythonhosted.org/packages/ff/f5/e8194c9ded615d4efd1eba6aeeae9373b4eae664ddc6eae1106e64e1ce25/git_cliff-2.14.2.tar.gz", hash = "sha256:8d378baf325e8e202524789dd9a58c914735f52d0fdad49d901930c53c643308", size = 135902, upload-time = "2026-09-18T21:40:01.809Z" }
wheels = [
    { url = "https://files.pythonhosted.org/packages/12/86/f7896dd979fa20d62cc6edd59296ae189cef809121f1a47b93c26d554aeb/git_cliff-2.14.2-py3-none-macosx_10_12_x86_64.whl", hash = "sha256:1bf511600b9059f4f14992da4e0e0792d87f3e5747637df0a95d0be189def994", size = 7476999, upload-time = "2026-09-18T21:39:41.796Z" },
    { url = "https://files.pythonhosted.org/packages/82/73/74546f6ed35ed4ca54145715bd552b5841cc6fa22cca9623ad58a143d542/git_cliff-2.14.2-py3-none-macosx_11_0_arm64.whl", hash = "sha256:46a6bd3f18d87bef711f71742f3201b47820c20c1b808bd550d3c32562e81bad", size = 7064502, upload-time = "2026-09-18T21:39:43.498Z" },
    { url = "https://files.pythonhosted.org/packages/37/48/dd86ccc6539fdd9789703bd6fde2ac57df7a164e20c9a71b40d11d31273c/git_cliff-2.14.2-py3-none-manylinux_2_17_aarch64.manylinux2014_aarch64.whl", hash = "sha256:1da38aac948dabc88b74264e1454dba19719a472e5a3dc067d0665e26be5ab9d", size = 7532695, upload-time = "2026-09-18T21:39:45.461Z" },
    { url = "https://files.pythonhosted.org/packages/f4/b8/a6803ed425482c2cc9941540f2bfa03fbe24e50277bfa999330620613a36/git_cliff-2.14.2-py3-none-manylinux_2_17_x86_64.manylinux2014_x86_64.whl", hash = "sha256:603ebf8d12e1f2a5214e0174c15c492bc36895f38784d6818869c09897433174", size = 7923699, upload-time = "2026-09-18T21:39:47.508Z" },
    { url = "https://files.pythonhosted.org/packages/e0/2b/4c552ba66b4d3dad9f131c7d0637d654f12b6e0a8b583a082d47d4100914/git_cliff-2.14.2-py3-none-manylinux_2_28_aarch64.whl", hash = "sha256:44b9c99d1b6f85b29b386125a12ffb60ec6d550e453efea09272b7a200840d27", size = 7568696, upload-time = "2026-09-18T21:39:49.207Z" },
    { url = "https://files.pythonhosted.org/packages/29/13/b22815fa4c1a46fd6ab383276c25b0da90037aee529fd2ec0a5c1d17d3dc/git_cliff-2.14.2-py3-none-manylinux_2_5_i686.manylinux1_i686.whl", hash = "sha256:f835c7b1c891252368452fa5c7641aa2f6f2387ecd0ffd050aeacd521d9d387b", size = 7723565, upload-time = "2026-09-18T21:39:50.95Z" },
    { url = "https://files.pythonhosted.org/packages/1c/21/b49ad5d21dea6259e25ddaf5f947d2d36a9fde78779d480fc8bc04e9be95/git_cliff-2.14.2-py3-none-manylinux_2_5_x86_64.manylinux1_x86_64.whl", hash = "sha256:3fa091968b4765d9640a864d3f4cdfef467595804eaac0a1897ea05c1daa9a84", size = 8184791, upload-time = "2026-09-18T21:39:52.599Z" },
    { url = "https://files.pythonhosted.org/packages/9d/2c/97bfb3455f8a70036d15c38d8d1023e27eb0697b80d47bfbfb9b9f55a97e/git_cliff-2.14.2-py3-none-musllinux_1_2_aarch64.whl", hash = "sha256:80f86a7ae576255fce678a771fd0109c45abefa98e07d6756371479db33cbe5c", size = 7532685, upload-time = "2026-09-18T21:39:54.013Z" },
    { url = "https://files.pythonhosted.org/packages/50/42/76efc9d886148c989519bcba5b5f64ef9671fcd96a7e6ebbebf15f5cadb6/git_cliff-2.14.2-py3-none-musllinux_1_2_i686.whl", hash = "sha256:f7819198f41fcdcd431a523d874b8d424beed16c413f0cb09688f6253718ff53", size = 7723561, upload-time = "2026-09-18T21:39:55.761Z" },
    { url = "https://files.pythonhosted.org/packages/61/fa/8aa87dcec2838569c1d430d7212bb5264979c0f310a8cdbe0fd028713acb/git_cliff-2.14.2-py3-none-musllinux_1_2_x86_64.whl", hash = "sha256:a48196dd8421659e104f0ceb4b060ebc753c11cd421811cce36b34e3c5e5ecce", size = 8184787, upload-time = "2026-09-18T21:39:57.462Z" },
    { url = "https://files.pythonhosted.org/packages/f4/13/d0fd9e00b9f429d047e4bf5328a0e4f3ee758efd6a9ab2432b2c0f93ea28/git_cliff-2.14.2-py3-none-win32.whl", hash = "sha256:72ac7d419f503ec234c90e079bc5ee95d2c952de6fab3e9523375eb7754953f1", size = 6975026, upload-time = "2026-09-18T21:39:59.036Z" },
    { url = "https://files.pythonhosted.org/packages/eb/7f/dd88365bb279d87b91c58aa3abbdfd31eef09d226bdfb6a9293a4096f766/git_cliff-2.14.2-py3-none-win_amd64.whl", hash = "sha256:c1044450c714e7e1a6a5792d60c1ad47e197145dab0637156914b8b4067af5bf", size = 7962917, upload-time = "2026-09-18T21:40:00.488Z" },
]

[[package]]
name = "prek"
version = "0.5.5"
source = { registry = "https://pypi.org/simple" }
sdist = { url = "https://files.pythonhosted.org/packages/9b/7b/11538b8e6cd7e269261feae62a2d08818fdcf8f43c3b1a253cec01a5488d/prek-0.5.5.tar.gz", hash = "sha256:16bf596768bb754779c7d42317e9ca16ac609c0cce7d13bae0829944ab40a26a", size = 570428, upload-time = "2026-10-05T06:08:59.165Z" }
wheels = [
    { url = "https://files.pythonhosted.org/packages/2e/77/189e554ea92baf6c1d33733b3e9d1ed819ab7d77e57eb2e3ead0bb1d8060/prek-0.5.5-py3-none-macosx_10_12_x86_64.whl", hash = "sha256:50fbceb0f728b504023f6e6c9037ac0656436949d94f7a85bac5542e6c1a4a75", size = 6038669, upload-time = "2026-10-05T06:08:39.368Z" },
    { url = "https://files.pythonhosted.org/packages/63/ea/fc857c6b3f1e3fdb4d81bdca2051076de82e986cb1455a01b351ac7a5cd1/prek-0.5.5-py3-none-macosx_11_0_arm64.whl", hash = "sha256:2f610927b95e84b28173a4c810892a7b5d5bb55bee792ddf97178fa97654633e", size = 5548955, upload-time = "2026-10-05T06:08:41.428Z" },
    { url = "https://files.pythonhosted.org/packages/47/c3/2bab54f6393fb9f247225681d476086e24fa6242f329e9ca1e5bd638ec50/prek-0.5.5-py3-none-manylinux_2_17_aarch64.manylinux2014_aarch64.musllinux_1_1_aarch64.whl", hash = "sha256:120ef7d4b6bb58155e74827743c266e48501efb0e4c37ff726b14fe6e86a126b", size = 5848228, upload-time = "2026-10-05T06:08:44.051Z" },
    { url = "https://files.pythonhosted.org/packages/aa/f9/1279e1c83819de5904db1a09f4afc589932a2e62c7063713b1fe3a54ee46/prek-0.5.5-py3-none-manylinux_2_17_ppc64le.manylinux2014_ppc64le.whl", hash = "sha256:2f6c453a12c21757b23bbbc97415aef78527841ad3f9e61f52cb35cf012f93e5", size = 6371296, upload-time = "2026-10-05T06:08:46.278Z" },
    { url = "https://files.pythonhosted.org/packages/93/fc/e566be5919eaffef4cc22488f16e4bbfd08961734bd67c06f85d405e4cbc/prek-0.5.5-py3-none-manylinux_2_17_x86_64.manylinux2014_x86_64.whl", hash = "sha256:73d509c0d9556171de2502bada4962be7a25871e7b23e782549074e1416dc850", size = 6269922, upload-time = "2026-10-05T06:08:48.645Z" },
    { url = "https://files.pythonhosted.org/packages/d2/39/a48d8e6203055bff7bb734b1f2f9aede4a4539bee6ab4c9273dbc01fa546/prek-0.5.5-py3-none-manylinux_2_28_aarch64.whl", hash = "sha256:76c867fdbd4e4f19e6b6b2988bd1e1407d1324170ebcf1428e4e34f8f0751a99", size = 5861518, upload-time = "2026-10-05T06:08:50.808Z" },
    { url = "https://files.pythonhosted.org/packages/b7/03/690fba9543033e25ea2e7b2ae1cca1ae8d8c2e32295f0d66f4b50934b8c7/prek-0.5.5-py3-none-musllinux_1_1_x86_64.whl", hash = "sha256:c69f60c2b3b4d481e38d0eab3b97ac05ec05d7648ae690925ae95ca9d22c7643", size = 6383685, upload-time = "2026-10-05T06:08:52.868Z" },
    { url = "https://files.pythonhosted.org/packages/8c/04/1e9ccf3a61a3bfd4107b83973f7afde9177b6ff8f2d5d4b00125e77c2100/prek-0.5.5-py3-none-win_amd64.whl", hash = "sha256:15bff9039349466ea9bf6b0c173b822ff08f8ae4cfbfdea782492e519c06d874", size = 5784759, upload-time = "2026-10-05T06:08:55.056Z" },
    { url = "https://files.pythonhosted.org/packages/41/d9/bb6811e438d3c74d26cb5d72e6343606e0a7a6283fee87521189f4ba1191/prek-0.5.5-py3-none-win_arm64.whl", hash = "sha256:3db3191d2509830c75438e20956a47c2259867d18a4106064ed75088b968a0c6", size = 5517355, upload-time = "2026-10-05T06:08:57.193Z" },
]

[[package]]
name = "presentation-template"
source = { editable = "." }

[package.dev-dependencies]
dev = [
    { name = "prek" },
]
release = [
    { name = "git-cliff" },
]

[package.metadata]

[package.metadata.requires-dev]
dev = [{ name = "prek", specifier = ">=0.5.5" }]
release = [{ name = "git-cliff", specifier = ">=2.14.2" }]
