version = 1
revision = 3
requires-python = ">=3.12"

[[package]]
name = "git-cliff"
version = "2.13.1"
source = { registry = "https://pypi.org/simple" }
sdist = { url = "https://files.pythonhosted.org/packages/62/57/b12494e2cbc3c9154c942e64659b5aec2b1ce9f12d07f6dc6167e2c63ae5/git_cliff-2.13.1.tar.gz", hash = "sha256:e949ea9c3951ba6037b99eec465162be2584f27f0836ace45f44d6f45650f8c6", size = 113119, upload-time = "2026-04-26T10:33:42.331Z" }
wheels = [
    { url = "https://files.pythonhosted.org/packages/8f/dd/24768c3c0030710d36706c17b997d06aee27cb76b27ab2abb058ae254175/git_cliff-2.13.1-py3-none-macosx_10_12_x86_64.whl", hash = "sha256:08a9cb0ec760e165210ed22fefa295b6549a3520b420db995ccbb3620cbb1fbe", size = 7260035, upload-time = "2026-04-26T10:33:16.269Z" },
    { url = "https://files.pythonhosted.org/packages/22/df/842973ead79d27a58cd1eccd167191c0a71513e5c1e9dc30337dafdb7d36/git_cliff-2.13.1-py3-none-macosx_11_0_arm64.whl", hash = "sha256:e92cf470ecbe73f7d2963dfa80e8961a6b76888d0c19949b0f028a28a0a0470c", size = 6854384, upload-time = "2026-04-26T10:33:18.808Z" },
    { url = "https://files.pythonhosted.org/packages/7c/4d/6d6efa7d61be8632563990ccd402e401695e4a85a0bb1002f28730d03268/git_cliff-2.13.1-py3-none-manylinux_2_17_aarch64.manylinux2014_aarch64.whl", hash = "sha256:2e8d8e420adf6a36b97e0fbdbf2b07e47712199a9baf3675c9a759430243ea26", size = 7308164, upload-time = "2026-04-26T10:33:20.869Z" },
    { url = "https://files.pythonhosted.org/packages/f0/4a/98b8d2f53a2d0b7d313e98ab363ad7e0d6a514e878a8d678f22402cb0ec7/git_cliff-2.13.1-py3-none-manylinux_2_17_x86_64.manylinux2014_x86_64.whl", hash = "sha256:1ab059d671565189faa4f3858b2fb42535aa39fe265ad95d84d5c116a2724fc7", size = 7687163, upload-time = "2026-04-26T10:33:23.096Z" },
    { url = "https://files.pythonhosted.org/packages/c7/07/cdd149b3909644aa3f0be7960406d9bbb38598f8618e039ac48cbb43ded6/git_cliff-2.13.1-py3-none-manylinux_2_28_aarch64.whl", hash = "sha256:a93db30da45967c42df607fbbc2092111fcd576b0ca9e2fbddd3f653d8c71be7", size = 7317670, upload-time = "2026-04-26T10:33:25.323Z" },
    { url = "https://files.pythonhosted.org/packages/2e/11/6d377a7f3113f6e26d87a28a32013eb05bd62bce176d6f8ee808e4868c1f/git_cliff-2.13.1-py3-none-manylinux_2_5_i686.manylinux1_i686.whl", hash = "sha256:df9f5a2bd16e5225030c9c2362e6ac70b34a906c0fbb83f8cbf5ae46932ba0d2", size = 7502294, upload-time = "2026-04-26T10:33:27.315Z" },
    { url = "https://files.pythonhosted.org/packages/80/6b/e1da9acf3aec99e6600be02b6ce0c9e8bd42d072e3120384514c905231e2/git_cliff-2.13.1-py3-none-manylinux_2_5_x86_64.manylinux1_x86_64.whl", hash = "sha256:c12276784d280aa6a7148d3e52ff139e891f4c97720cd9be581b19892ea39fe0", size = 7927258, upload-time = "2026-04-26T10:33:29.554Z" },
    { url = "https://files.pythonhosted.org/packages/ed/ea/9f2188a5e474e5f02193d9c1cdf7028773d483a3f508a1df4f1d93c9cc80/git_cliff-2.13.1-py3-none-musllinux_1_2_aarch64.whl", hash = "sha256:17da93dc605cbc48c762770402067fa726437cedbd62514f9caef6e0ccb58a43", size = 7308153, upload-time = "2026-04-26T10:33:31.589Z" },
    { url = "https://files.pythonhosted.org/packages/b3/70/5e2b2a0e42c07956f911e1eccd6dc6d79b96fc6c8a604a526c1ee0474c84/git_cliff-2.13.1-py3-none-musllinux_1_2_i686.whl", hash = "sha256:cd4a08cf3f638ec71d2ed451aa8673bef99e1107a36366153db97ca18d981655", size = 7502287, upload-time = "2026-04-26T10:33:33.894Z" },
    { url = "https://files.pythonhosted.org/packages/05/50/cc4c1d3d360621c0235d66d2c74472d9993d8aadf23ffa311eaf29d7a3aa/git_cliff-2.13.1-py3-none-musllinux_1_2_x86_64.whl", hash = "sha256:c5bb87f6e1db18be09e50c9d59234dc949713e20c2700e94eca378d22ad79719", size = 7927253, upload-time = "2026-04-26T10:33:36.205Z" },
    { url = "https://files.pythonhosted.org/packages/86/5d/717d30f37dad65a6cc5220b04a3ef1bc44c31fb56d0ce2895114e159df4f/git_cliff-2.13.1-py3-none-win32.whl", hash = "sha256:c8878972e0a6c26d9137fc406a611116239333578d95ac05064d2807920bd83c", size = 6718261, upload-time = "2026-04-26T10:33:38.1Z" },
    { url = "https://files.pythonhosted.org/packages/99/b2/99fac50978b9a90bfec0f1b89354a667ec83f4990301f6c708abce05484e/git_cliff-2.13.1-py3-none-win_amd64.whl", hash = "sha256:856d831a0bede9c258229dbd4d4c2b1c0810d8fce3d3882729669e8dc09c72bf", size = 7714969, upload-time = "2026-04-26T10:33:40.163Z" },
]

[[package]]
name = "prek"
version = "0.4.11"
source = { registry = "https://pypi.org/simple" }
sdist = { url = "https://files.pythonhosted.org/packages/c4/1a/73b6dae5ce7e997cb35a69bfe1d25a798e85fa3d2eabf95324563f461b30/prek-0.4.11.tar.gz", hash = "sha256:4a14cb9bbae850605ae3904fbdbb12f0e00c12455efaa2266da8fb8e5c0350d7", size = 516254, upload-time = "2026-07-24T17:05:35.107Z" }
wheels = [
    { url = "https://files.pythonhosted.org/packages/8e/d7/a00b2de492a80e99b1698e72c1d196ac3ed544dc7ee0ada261ac066e78e0/prek-0.4.11-py3-none-linux_armv6l.whl", hash = "sha256:3830cb7cc47e837888b8b464ecb21355a69235cfacef0fd89101e17f09345d63", size = 5770511, upload-time = "2026-07-24T17:05:12.829Z" },
    { url = "https://files.pythonhosted.org/packages/c1/1e/f97c74defcd5d5645888cb99fcdd9b8b48cc7247cf31e64414d106d56d66/prek-0.4.11-py3-none-macosx_10_12_x86_64.whl", hash = "sha256:45facadf9c2332b28e6ab2744312ae0275a93ab5a437da8bcc53a8c7260cb4b0", size = 6118049, upload-time = "2026-07-24T17:05:14.451Z" },
    { url = "https://files.pythonhosted.org/packages/d9/92/8367d26421ee6fe6019a63928fb0ed31179cd0d6199879c524f89ef4c95c/prek-0.4.11-py3-none-macosx_11_0_arm64.whl", hash = "sha256:2f8a194b1d00d24dff8baff691c99e2668339da2da3482b4ee99c1a0f2409378", size = 5601478, upload-time = "2026-07-24T17:05:15.81Z" },
    { url = "https://files.pythonhosted.org/packages/e1/6f/7617c9b87afaadede4167720aae7ef12d7e51167db903bc8fbac0cadef7b/prek-0.4.11-py3-none-manylinux_2_17_aarch64.manylinux2014_aarch64.musllinux_1_1_aarch64.whl", hash = "sha256:21d93e6d76bf3d7a9bb70c6ac86ef372adaee50068c45749e6b9e1c2ac4ec939", size = 5932071, upload-time = "2026-07-24T17:05:17.217Z" },
    { url = "https://files.pythonhosted.org/packages/ef/41/6796a4011b04212333259064aa885a71d03d9581ba9bff52db3ce58d1f06/prek-0.4.11-py3-none-manylinux_2_17_armv7l.manylinux2014_armv7l.whl", hash = "sha256:7fb07cde2d2156efa6980122b3f13dc88f20c84b933c6205675d0f1e7be2cde8", size = 5677617, upload-time = "2026-07-24T17:05:18.658Z" },
    { url = "https://files.pythonhosted.org/packages/03/5f/3e339901f8460b6073313619b4fd9bf4135e48430695c53640b83ace88ea/prek-0.4.11-py3-none-manylinux_2_17_i686.manylinux2014_i686.whl", hash = "sha256:6b7f5e446d2aca739bd18b380578e9c78bb4c086299abc3e167d51c47840c56f", size = 6106370, upload-time = "2026-07-24T17:05:20.219Z" },
    { url = "https://files.pythonhosted.org/packages/8e/4e/94e24b5c1910ec15692ecaf33d0d8ef0d02a02a8b5e40d3c976396880cba/prek-0.4.11-py3-none-manylinux_2_17_s390x.manylinux2014_s390x.whl", hash = "sha256:b7059d640e595d098600e2d97af961f46292b4112670edbe632de84f6828389e", size = 6884342, upload-time = "2026-07-24T17:05:21.587Z" },
    { url = "https://files.pythonhosted.org/packages/a2/7c/fc0daa033dcafe74990c00af2da1e16922790b9c1b8da7e8eebf1123838b/prek-0.4.11-py3-none-manylinux_2_17_x86_64.manylinux2014_x86_64.whl", hash = "sha256:85a4df33998fcac878bce3b2c624e1caeb9609f3d562c640702c1234ed815daf", size = 6331365, upload-time = "2026-07-24T17:05:22.87Z" },
    { url = "https://files.pythonhosted.org/packages/d7/36/49f152b8f539930e9685cff0509695ce4054abcecc22f4c16c4e1e5c23d0/prek-0.4.11-py3-none-manylinux_2_28_aarch64.whl", hash = "sha256:866991f387527c5f880ce2cc3ddea9b33cc5b986881f8c7f92524cf0969c1350", size = 5939075, upload-time = "2026-07-24T17:05:24.249Z" },
    { url = "https://files.pythonhosted.org/packages/4f/fe/7b097af9161edae7ddedcc9f5cda4a5f31346a492ce3f92583d96c46f628/prek-0.4.11-py3-none-manylinux_2_31_riscv64.whl", hash = "sha256:247e5d8740e137ebdf24fa96f01a95b2d2f1892e956a1ab00c7b1474a59ebcc0", size = 5799029, upload-time = "2026-07-24T17:05:25.652Z" },
    { url = "https://files.pythonhosted.org/packages/49/63/dc955ff99e1002d3cd375b21467c87046bc41deddfce86d898240757b151/prek-0.4.11-py3-none-musllinux_1_1_armv7l.whl", hash = "sha256:603ba9f2fd9d666dddb3ae190a25a5c55091b843cde90ed52e0a1116f50d4062", size = 5651211, upload-time = "2026-07-24T17:05:27.027Z" },
    { url = "https://files.pythonhosted.org/packages/8f/b8/bf2139ec25eefb5afef43afac7620c5181f2c2661f220598beacb1771207/prek-0.4.11-py3-none-musllinux_1_1_i686.whl", hash = "sha256:f2682ece3c5fc7201106c4fdd84b0587ccea4b8a2ecefa3e94d3074d2841f1df", size = 5954784, upload-time = "2026-07-24T17:05:28.391Z" },
    { url = "https://files.pythonhosted.org/packages/fc/29/3fe5990aee1bd7c4d50a03358ad867c5e912d9510aafb83a359c7347e5fa/prek-0.4.11-py3-none-musllinux_1_1_x86_64.whl", hash = "sha256:22721d30394192931fecc80d6fc6dd47e8ddf8db8b9693805aba8ec0f50087ec", size = 6448916, upload-time = "2026-07-24T17:05:29.837Z" },
    { url = "https://files.pythonhosted.org/packages/0f/fb/abddacf43738302242ecd237236c7c80cd7c1d27545e16e803770aee76e9/prek-0.4.11-py3-none-win32.whl", hash = "sha256:8b093e7624522146049e994d5cf283d01d71632b638620b79ae0f96afeaa2624", size = 5483539, upload-time = "2026-07-24T17:05:31.228Z" },
    { url = "https://files.pythonhosted.org/packages/00/1e/c293f7a15cb93963c4be36a02e144b93f43906bc02644a3f04e5708e7453/prek-0.4.11-py3-none-win_amd64.whl", hash = "sha256:5a3d7c80b970b456e5f1bcec8382008ee1ae6a3f324a6b9bb4ff7e666ab0f3c4", size = 5861119, upload-time = "2026-07-24T17:05:32.479Z" },
    { url = "https://files.pythonhosted.org/packages/cd/0c/05fe6eb9d6a54d0e02dfa8cc5ad6f86869bf953419ec15909a32466a28ee/prek-0.4.11-py3-none-win_arm64.whl", hash = "sha256:e7b0df37ce05e45a14a9da39ab104691474d72f139bf4f6c860f754763a322cb", size = 5626386, upload-time = "2026-07-24T17:05:33.813Z" },
]

[[package]]
name = "presentation-template"
source = { editable = "." }

[package.dev-dependencies]
dev = [
    { name = "prek" },
]
release = [
    { name = "git-cliff" },
]

[package.metadata]

[package.metadata.requires-dev]
dev = [{ name = "prek", specifier = ">=0.4.11" }]
release = [{ name = "git-cliff", specifier = ">=2.13.1" }]
